{
  "originHash" : "c2ccdbaefdc776530a25acdd2c55e0aeb7b59fe7bd463edb4e0ac61eb04e98d1",
  "pins" : [
    {
      "identity" : "swiftcbor",
      "kind" : "remoteSourceControl",
      "location" : "https://github.com/valpackett/SwiftCBOR.git",
      "state" : {
        "revision" : "04ccff117f6549121d5721ec84fdf0162122b90e",
        "version" : "0.5.0"
      }
    }
  ],
  "version" : 3
}
