// !$*UTF8*$!
{
	archiveVersion = 1;
	classes = {
	};
	objectVersion = 77;
	objects = {

/* Begin PBXBuildFile section */
		53B3F7232E4CB12300879965 /* RunarKeys in Frameworks */ = {isa = PBXBuildFile; productRef = 53B3F7222E4CB12300879965 /* RunarKeys */; };
		53B3F7262E4DA9DD00879965 /* RunarTransporter in Frameworks */ = {isa = PBXBuildFile; productRef = 53B3F7252E4DA9DD00879965 /* RunarTransporter */; };
		53B3F7292E4DAAEC00879965 /* SwiftCommon in Frameworks */ = {isa = PBXBuildFile; productRef = 53B3F7282E4DAAEC00879965 /* SwiftCommon */; };
/* End PBXBuildFile section */

/* Begin PBXContainerItemProxy section */
		53B3F6F62E4CA82E00879965 /* PBXContainerItemProxy */ = {
			isa = PBXContainerItemProxy;
			containerPortal = 53B3F6DF2E4CA82C00879965 /* Project object */;
			proxyType = 1;
			remoteGlobalIDString = 53B3F6E62E4CA82C00879965;
			remoteInfo = RunarSEHost;
		};
		53B3F7002E4CA82E00879965 /* PBXContainerItemProxy */ = {
			isa = PBXContainerItemProxy;
			containerPortal = 53B3F6DF2E4CA82C00879965 /* Project object */;
			proxyType = 1;
			remoteGlobalIDString = 53B3F6E62E4CA82C00879965;
			remoteInfo = RunarSEHost;
		};
/* End PBXContainerItemProxy section */

/* Begin PBXFileReference section */
		53B3F6E72E4CA82C00879965 /* RunarSEHost.app */ = {isa = PBXFileReference; explicitFileType = wrapper.application; includeInIndex = 0; path = RunarSEHost.app; sourceTree = BUILT_PRODUCTS_DIR; };
		53B3F6F52E4CA82E00879965 /* RunarSEHostTests.xctest */ = {isa = PBXFileReference; explicitFileType = wrapper.cfbundle; includeInIndex = 0; path = RunarSEHostTests.xctest; sourceTree = BUILT_PRODUCTS_DIR; };
		53B3F6FF2E4CA82E00879965 /* RunarSEHostUITests.xctest */ = {isa = PBXFileReference; explicitFileType = wrapper.cfbundle; includeInIndex = 0; path = RunarSEHostUITests.xctest; sourceTree = BUILT_PRODUCTS_DIR; };
/* End PBXFileReference section */

/* Begin PBXFileSystemSynchronizedRootGroup section */
		53B3F6E92E4CA82C00879965 /* RunarSEHost */ = {
			isa = PBXFileSystemSynchronizedRootGroup;
			path = RunarSEHost;
			sourceTree = "<group>";
		};
		53B3F6F82E4CA82E00879965 /* RunarSEHostTests */ = {
			isa = PBXFileSystemSynchronizedRootGroup;
			path = RunarSEHostTests;
			sourceTree = "<group>";
		};
		53B3F7022E4CA82E00879965 /* RunarSEHostUITests */ = {
			isa = PBXFileSystemSynchronizedRootGroup;
			path = RunarSEHostUITests;
			sourceTree = "<group>";
		};
/* End PBXFileSystemSynchronizedRootGroup section */

/* Begin PBXFrameworksBuildPhase section */
		53B3F6E42E4CA82C00879965 /* Frameworks */ = {
			isa = PBXFrameworksBuildPhase;
			buildActionMask = 2147483647;
			files = (
				53B3F7262E4DA9DD00879965 /* RunarTransporter in Frameworks */,
				53B3F7292E4DAAEC00879965 /* SwiftCommon in Frameworks */,
				53B3F7232E4CB12300879965 /* RunarKeys in Frameworks */,
			);
			runOnlyForDeploymentPostprocessing = 0;
		};
		53B3F6F22E4CA82E00879965 /* Frameworks */ = {
			isa = PBXFrameworksBuildPhase;
			buildActionMask = 2147483647;
			files = (
			);
			runOnlyForDeploymentPostprocessing = 0;
		};
		53B3F6FC2E4CA82E00879965 /* Frameworks */ = {
			isa = PBXFrameworksBuildPhase;
			buildActionMask = 2147483647;
			files = (
			);
			runOnlyForDeploymentPostprocessing = 0;
		};
/* End PBXFrameworksBuildPhase section */

/* Begin PBXGroup section */
		53B3F6DE2E4CA82C00879965 = {
			isa = PBXGroup;
			children = (
				53B3F6E92E4CA82C00879965 /* RunarSEHost */,
				53B3F6F82E4CA82E00879965 /* RunarSEHostTests */,
				53B3F7022E4CA82E00879965 /* RunarSEHostUITests */,
				53B3F6E82E4CA82C00879965 /* Products */,
			);
			sourceTree = "<group>";
		};
		53B3F6E82E4CA82C00879965 /* Products */ = {
			isa = PBXGroup;
			children = (
				53B3F6E72E4CA82C00879965 /* RunarSEHost.app */,
				53B3F6F52E4CA82E00879965 /* RunarSEHostTests.xctest */,
				53B3F6FF2E4CA82E00879965 /* RunarSEHostUITests.xctest */,
			);
			name = Products;
			sourceTree = "<group>";
		};
/* End PBXGroup section */

/* Begin PBXNativeTarget section */
		53B3F6E62E4CA82C00879965 /* RunarSEHost */ = {
			isa = PBXNativeTarget;
			buildConfigurationList = 53B3F7092E4CA82E00879965 /* Build configuration list for PBXNativeTarget "RunarSEHost" */;
			buildPhases = (
				53B3F6E32E4CA82C00879965 /* Sources */,
				53B3F6E42E4CA82C00879965 /* Frameworks */,
				53B3F6E52E4CA82C00879965 /* Resources */,
			);
			buildRules = (
			);
			dependencies = (
			);
			fileSystemSynchronizedGroups = (
				53B3F6E92E4CA82C00879965 /* RunarSEHost */,
			);
			name = RunarSEHost;
			packageProductDependencies = (
				53B3F7222E4CB12300879965 /* RunarKeys */,
				53B3F7252E4DA9DD00879965 /* RunarTransporter */,
				53B3F7282E4DAAEC00879965 /* SwiftCommon */,
			);
			productName = RunarSEHost;
			productReference = 53B3F6E72E4CA82C00879965 /* RunarSEHost.app */;
			productType = "com.apple.product-type.application";
		};
		53B3F6F42E4CA82E00879965 /* RunarSEHostTests */ = {
			isa = PBXNativeTarget;
			buildConfigurationList = 53B3F70C2E4CA82E00879965 /* Build configuration list for PBXNativeTarget "RunarSEHostTests" */;
			buildPhases = (
				53B3F6F12E4CA82E00879965 /* Sources */,
				53B3F6F22E4CA82E00879965 /* Frameworks */,
				53B3F6F32E4CA82E00879965 /* Resources */,
			);
			buildRules = (
			);
			dependencies = (
				53B3F6F72E4CA82E00879965 /* PBXTargetDependency */,
			);
			fileSystemSynchronizedGroups = (
				53B3F6F82E4CA82E00879965 /* RunarSEHostTests */,
			);
			name = RunarSEHostTests;
			packageProductDependencies = (
			);
			productName = RunarSEHostTests;
			productReference = 53B3F6F52E4CA82E00879965 /* RunarSEHostTests.xctest */;
			productType = "com.apple.product-type.bundle.unit-test";
		};
		53B3F6FE2E4CA82E00879965 /* RunarSEHostUITests */ = {
			isa = PBXNativeTarget;
			buildConfigurationList = 53B3F70F2E4CA82E00879965 /* Build configuration list for PBXNativeTarget "RunarSEHostUITests" */;
			buildPhases = (
				53B3F6FB2E4CA82E00879965 /* Sources */,
				53B3F6FC2E4CA82E00879965 /* Frameworks */,
				53B3F6FD2E4CA82E00879965 /* Resources */,
			);
			buildRules = (
			);
			dependencies = (
				53B3F7012E4CA82E00879965 /* PBXTargetDependency */,
			);
			fileSystemSynchronizedGroups = (
				53B3F7022E4CA82E00879965 /* RunarSEHostUITests */,
			);
			name = RunarSEHostUITests;
			packageProductDependencies = (
			);
			productName = RunarSEHostUITests;
			productReference = 53B3F6FF2E4CA82E00879965 /* RunarSEHostUITests.xctest */;
			productType = "com.apple.product-type.bundle.ui-testing";
		};
/* End PBXNativeTarget section */

/* Begin PBXProject section */
		53B3F6DF2E4CA82C00879965 /* Project object */ = {
			isa = PBXProject;
			attributes = {
				BuildIndependentTargetsInParallel = 1;
				LastSwiftUpdateCheck = 1640;
				LastUpgradeCheck = 1640;
				TargetAttributes = {
					53B3F6E62E4CA82C00879965 = {
						CreatedOnToolsVersion = 16.4;
					};
					53B3F6F42E4CA82E00879965 = {
						CreatedOnToolsVersion = 16.4;
						TestTargetID = 53B3F6E62E4CA82C00879965;
					};
					53B3F6FE2E4CA82E00879965 = {
						CreatedOnToolsVersion = 16.4;
						TestTargetID = 53B3F6E62E4CA82C00879965;
					};
				};
			};
			buildConfigurationList = 53B3F6E22E4CA82C00879965 /* Build configuration list for PBXProject "RunarSEHost" */;
			developmentRegion = en;
			hasScannedForEncodings = 0;
			knownRegions = (
				en,
				Base,
			);
			mainGroup = 53B3F6DE2E4CA82C00879965;
			minimizedProjectReferenceProxies = 1;
			packageReferences = (
				53B3F7212E4CB12300879965 /* XCLocalSwiftPackageReference "../../../../../swift-keys" */,
				53B3F7242E4DA9DD00879965 /* XCLocalSwiftPackageReference "../../../../../swift-transporter" */,
				53B3F7272E4DAAEC00879965 /* XCLocalSwiftPackageReference "../../../../../swift-common" */,
			);
			preferredProjectObjectVersion = 77;
			productRefGroup = 53B3F6E82E4CA82C00879965 /* Products */;
			projectDirPath = "";
			projectRoot = "";
			targets = (
				53B3F6E62E4CA82C00879965 /* RunarSEHost */,
				53B3F6F42E4CA82E00879965 /* RunarSEHostTests */,
				53B3F6FE2E4CA82E00879965 /* RunarSEHostUITests */,
			);
		};
/* End PBXProject section */

/* Begin PBXResourcesBuildPhase section */
		53B3F6E52E4CA82C00879965 /* Resources */ = {
			isa = PBXResourcesBuildPhase;
			buildActionMask = 2147483647;
			files = (
			);
			runOnlyForDeploymentPostprocessing = 0;
		};
		53B3F6F32E4CA82E00879965 /* Resources */ = {
			isa = PBXResourcesBuildPhase;
			buildActionMask = 2147483647;
			files = (
			);
			runOnlyForDeploymentPostprocessing = 0;
		};
		53B3F6FD2E4CA82E00879965 /* Resources */ = {
			isa = PBXResourcesBuildPhase;
			buildActionMask = 2147483647;
			files = (
			);
			runOnlyForDeploymentPostprocessing = 0;
		};
/* End PBXResourcesBuildPhase section */

/* Begin PBXSourcesBuildPhase section */
		53B3F6E32E4CA82C00879965 /* Sources */ = {
			isa = PBXSourcesBuildPhase;
			buildActionMask = 2147483647;
			files = (
			);
			runOnlyForDeploymentPostprocessing = 0;
		};
		53B3F6F12E4CA82E00879965 /* Sources */ = {
			isa = PBXSourcesBuildPhase;
			buildActionMask = 2147483647;
			files = (
			);
			runOnlyForDeploymentPostprocessing = 0;
		};
		53B3F6FB2E4CA82E00879965 /* Sources */ = {
			isa = PBXSourcesBuildPhase;
			buildActionMask = 2147483647;
			files = (
			);
			runOnlyForDeploymentPostprocessing = 0;
		};
/* End PBXSourcesBuildPhase section */

/* Begin PBXTargetDependency section */
		53B3F6F72E4CA82E00879965 /* PBXTargetDependency */ = {
			isa = PBXTargetDependency;
			target = 53B3F6E62E4CA82C00879965 /* RunarSEHost */;
			targetProxy = 53B3F6F62E4CA82E00879965 /* PBXContainerItemProxy */;
		};
		53B3F7012E4CA82E00879965 /* PBXTargetDependency */ = {
			isa = PBXTargetDependency;
			target = 53B3F6E62E4CA82C00879965 /* RunarSEHost */;
			targetProxy = 53B3F7002E4CA82E00879965 /* PBXContainerItemProxy */;
		};
/* End PBXTargetDependency section */

/* Begin XCBuildConfiguration section */
		53B3F7072E4CA82E00879965 /* Debug */ = {
			isa = XCBuildConfiguration;
			buildSettings = {
				ALWAYS_SEARCH_USER_PATHS = NO;
				ASSETCATALOG_COMPILER_GENERATE_SWIFT_ASSET_SYMBOL_EXTENSIONS = YES;
				CLANG_ANALYZER_NONNULL = YES;
				CLANG_ANALYZER_NUMBER_OBJECT_CONVERSION = YES_AGGRESSIVE;
				CLANG_CXX_LANGUAGE_STANDARD = "gnu++20";
				CLANG_ENABLE_MODULES = YES;
				CLANG_ENABLE_OBJC_ARC = YES;
				CLANG_ENABLE_OBJC_WEAK = YES;
				CLANG_WARN_BLOCK_CAPTURE_AUTORELEASING = YES;
				CLANG_WARN_BOOL_CONVERSION = YES;
				CLANG_WARN_COMMA = YES;
				CLANG_WARN_CONSTANT_CONVERSION = YES;
				CLANG_WARN_DEPRECATED_OBJC_IMPLEMENTATIONS = YES;
				CLANG_WARN_DIRECT_OBJC_ISA_USAGE = YES_ERROR;
				CLANG_WARN_DOCUMENTATION_COMMENTS = YES;
				CLANG_WARN_EMPTY_BODY = YES;
				CLANG_WARN_ENUM_CONVERSION = YES;
				CLANG_WARN_INFINITE_RECURSION = YES;
				CLANG_WARN_INT_CONVERSION = YES;
				CLANG_WARN_NON_LITERAL_NULL_CONVERSION = YES;
				CLANG_WARN_OBJC_IMPLICIT_RETAIN_SELF = YES;
				CLANG_WARN_OBJC_LITERAL_CONVERSION = YES;
				CLANG_WARN_OBJC_ROOT_CLASS = YES_ERROR;
				CLANG_WARN_QUOTED_INCLUDE_IN_FRAMEWORK_HEADER = YES;
				CLANG_WARN_RANGE_LOOP_ANALYSIS = YES;
				CLANG_WARN_STRICT_PROTOTYPES = YES;
				CLANG_WARN_SUSPICIOUS_MOVE = YES;
				CLANG_WARN_UNGUARDED_AVAILABILITY = YES_AGGRESSIVE;
				CLANG_WARN_UNREACHABLE_CODE = YES;
				CLANG_WARN__DUPLICATE_METHOD_MATCH = YES;
				COPY_PHASE_STRIP = NO;
				DEBUG_INFORMATION_FORMAT = dwarf;
				DEVELOPMENT_TEAM = 38HUU786LZ;
				ENABLE_STRICT_OBJC_MSGSEND = YES;
				ENABLE_TESTABILITY = YES;
				ENABLE_USER_SCRIPT_SANDBOXING = YES;
				GCC_C_LANGUAGE_STANDARD = gnu17;
				GCC_DYNAMIC_NO_PIC = NO;
				GCC_NO_COMMON_BLOCKS = YES;
				GCC_OPTIMIZATION_LEVEL = 0;
				GCC_PREPROCESSOR_DEFINITIONS = (
					"DEBUG=1",
					"$(inherited)",
				);
				GCC_WARN_64_TO_32_BIT_CONVERSION = YES;
				GCC_WARN_ABOUT_RETURN_TYPE = YES_ERROR;
				GCC_WARN_UNDECLARED_SELECTOR = YES;
				GCC_WARN_UNINITIALIZED_AUTOS = YES_AGGRESSIVE;
				GCC_WARN_UNUSED_FUNCTION = YES;
				GCC_WARN_UNUSED_VARIABLE = YES;
				LOCALIZATION_PREFERS_STRING_CATALOGS = YES;
				MACOSX_DEPLOYMENT_TARGET = 15.5;
				MTL_ENABLE_DEBUG_INFO = INCLUDE_SOURCE;
				MTL_FAST_MATH = YES;
				ONLY_ACTIVE_ARCH = YES;
				SDKROOT = macosx;
				SWIFT_ACTIVE_COMPILATION_CONDITIONS = "DEBUG $(inherited)";
				SWIFT_OPTIMIZATION_LEVEL = "-Onone";
			};
			name = Debug;
		};
		53B3F7082E4CA82E00879965 /* Release */ = {
			isa = XCBuildConfiguration;
			buildSettings = {
				ALWAYS_SEARCH_USER_PATHS = NO;
				ASSETCATALOG_COMPILER_GENERATE_SWIFT_ASSET_SYMBOL_EXTENSIONS = YES;
				CLANG_ANALYZER_NONNULL = YES;
				CLANG_ANALYZER_NUMBER_OBJECT_CONVERSION = YES_AGGRESSIVE;
				CLANG_CXX_LANGUAGE_STANDARD = "gnu++20";
				CLANG_ENABLE_MODULES = YES;
				CLANG_ENABLE_OBJC_ARC = YES;
				CLANG_ENABLE_OBJC_WEAK = YES;
				CLANG_WARN_BLOCK_CAPTURE_AUTORELEASING = YES;
				CLANG_WARN_BOOL_CONVERSION = YES;
				CLANG_WARN_COMMA = YES;
				CLANG_WARN_CONSTANT_CONVERSION = YES;
				CLANG_WARN_DEPRECATED_OBJC_IMPLEMENTATIONS = YES;
				CLANG_WARN_DIRECT_OBJC_ISA_USAGE = YES_ERROR;
				CLANG_WARN_DOCUMENTATION_COMMENTS = YES;
				CLANG_WARN_EMPTY_BODY = YES;
				CLANG_WARN_ENUM_CONVERSION = YES;
				CLANG_WARN_INFINITE_RECURSION = YES;
				CLANG_WARN_INT_CONVERSION = YES;
				CLANG_WARN_NON_LITERAL_NULL_CONVERSION = YES;
				CLANG_WARN_OBJC_IMPLICIT_RETAIN_SELF = YES;
				CLANG_WARN_OBJC_LITERAL_CONVERSION = YES;
				CLANG_WARN_OBJC_ROOT_CLASS = YES_ERROR;
				CLANG_WARN_QUOTED_INCLUDE_IN_FRAMEWORK_HEADER = YES;
				CLANG_WARN_RANGE_LOOP_ANALYSIS = YES;
				CLANG_WARN_STRICT_PROTOTYPES = YES;
				CLANG_WARN_SUSPICIOUS_MOVE = YES;
				CLANG_WARN_UNGUARDED_AVAILABILITY = YES_AGGRESSIVE;
				CLANG_WARN_UNREACHABLE_CODE = YES;
				CLANG_WARN__DUPLICATE_METHOD_MATCH = YES;
				COPY_PHASE_STRIP = NO;
				DEBUG_INFORMATION_FORMAT = "dwarf-with-dsym";
				DEVELOPMENT_TEAM = 38HUU786LZ;
				ENABLE_NS_ASSERTIONS = NO;
				ENABLE_STRICT_OBJC_MSGSEND = YES;
				ENABLE_USER_SCRIPT_SANDBOXING = YES;
				GCC_C_LANGUAGE_STANDARD = gnu17;
				GCC_NO_COMMON_BLOCKS = YES;
				GCC_WARN_64_TO_32_BIT_CONVERSION = YES;
				GCC_WARN_ABOUT_RETURN_TYPE = YES_ERROR;
				GCC_WARN_UNDECLARED_SELECTOR = YES;
				GCC_WARN_UNINITIALIZED_AUTOS = YES_AGGRESSIVE;
				GCC_WARN_UNUSED_FUNCTION = YES;
				GCC_WARN_UNUSED_VARIABLE = YES;
				LOCALIZATION_PREFERS_STRING_CATALOGS = YES;
				MACOSX_DEPLOYMENT_TARGET = 15.5;
				MTL_ENABLE_DEBUG_INFO = NO;
				MTL_FAST_MATH = YES;
				SDKROOT = macosx;
				SWIFT_COMPILATION_MODE = wholemodule;
			};
			name = Release;
		};
		53B3F70A2E4CA82E00879965 /* Debug */ = {
			isa = XCBuildConfiguration;
			buildSettings = {
				ASSETCATALOG_COMPILER_APPICON_NAME = AppIcon;
				ASSETCATALOG_COMPILER_GLOBAL_ACCENT_COLOR_NAME = AccentColor;
				CODE_SIGN_ENTITLEMENTS = RunarSEHost/RunarSEHost.entitlements;
				CODE_SIGN_STYLE = Automatic;
				COMBINE_HIDPI_IMAGES = YES;
				CURRENT_PROJECT_VERSION = 1;
				DEVELOPMENT_TEAM = 38HUU786LZ;
				ENABLE_HARDENED_RUNTIME = YES;
				ENABLE_PREVIEWS = YES;
				GENERATE_INFOPLIST_FILE = YES;
				INFOPLIST_KEY_NSHumanReadableCopyright = "";
				LD_RUNPATH_SEARCH_PATHS = (
					"$(inherited)",
					"@executable_path/../Frameworks",
				);
				MARKETING_VERSION = 1.0;
				PRODUCT_BUNDLE_IDENTIFIER = nz.co.iswe.RunarSEHost;
				PRODUCT_NAME = "$(TARGET_NAME)";
				REGISTER_APP_GROUPS = YES;
				SWIFT_EMIT_LOC_STRINGS = YES;
				SWIFT_VERSION = 5.0;
			};
			name = Debug;
		};
		53B3F70B2E4CA82E00879965 /* Release */ = {
			isa = XCBuildConfiguration;
			buildSettings = {
				ASSETCATALOG_COMPILER_APPICON_NAME = AppIcon;
				ASSETCATALOG_COMPILER_GLOBAL_ACCENT_COLOR_NAME = AccentColor;
				CODE_SIGN_ENTITLEMENTS = RunarSEHost/RunarSEHost.entitlements;
				CODE_SIGN_STYLE = Automatic;
				COMBINE_HIDPI_IMAGES = YES;
				CURRENT_PROJECT_VERSION = 1;
				DEVELOPMENT_TEAM = 38HUU786LZ;
				ENABLE_HARDENED_RUNTIME = YES;
				ENABLE_PREVIEWS = YES;
				GENERATE_INFOPLIST_FILE = YES;
				INFOPLIST_KEY_NSHumanReadableCopyright = "";
				LD_RUNPATH_SEARCH_PATHS = (
					"$(inherited)",
					"@executable_path/../Frameworks",
				);
				MARKETING_VERSION = 1.0;
				PRODUCT_BUNDLE_IDENTIFIER = nz.co.iswe.RunarSEHost;
				PRODUCT_NAME = "$(TARGET_NAME)";
				REGISTER_APP_GROUPS = YES;
				SWIFT_EMIT_LOC_STRINGS = YES;
				SWIFT_VERSION = 5.0;
			};
			name = Release;
		};
		53B3F70D2E4CA82E00879965 /* Debug */ = {
			isa = XCBuildConfiguration;
			buildSettings = {
				BUNDLE_LOADER = "$(TEST_HOST)";
				CODE_SIGN_STYLE = Automatic;
				CURRENT_PROJECT_VERSION = 1;
				DEVELOPMENT_TEAM = 38HUU786LZ;
				GENERATE_INFOPLIST_FILE = YES;
				MACOSX_DEPLOYMENT_TARGET = 15.5;
				MARKETING_VERSION = 1.0;
				PRODUCT_BUNDLE_IDENTIFIER = nz.co.iswe.RunarSEHostTests;
				PRODUCT_NAME = "$(TARGET_NAME)";
				SWIFT_EMIT_LOC_STRINGS = NO;
				SWIFT_VERSION = 5.0;
				TEST_HOST = "$(BUILT_PRODUCTS_DIR)/RunarSEHost.app/$(BUNDLE_EXECUTABLE_FOLDER_PATH)/RunarSEHost";
			};
			name = Debug;
		};
		53B3F70E2E4CA82E00879965 /* Release */ = {
			isa = XCBuildConfiguration;
			buildSettings = {
				BUNDLE_LOADER = "$(TEST_HOST)";
				CODE_SIGN_STYLE = Automatic;
				CURRENT_PROJECT_VERSION = 1;
				DEVELOPMENT_TEAM = 38HUU786LZ;
				GENERATE_INFOPLIST_FILE = YES;
				MACOSX_DEPLOYMENT_TARGET = 15.5;
				MARKETING_VERSION = 1.0;
				PRODUCT_BUNDLE_IDENTIFIER = nz.co.iswe.RunarSEHostTests;
				PRODUCT_NAME = "$(TARGET_NAME)";
				SWIFT_EMIT_LOC_STRINGS = NO;
				SWIFT_VERSION = 5.0;
				TEST_HOST = "$(BUILT_PRODUCTS_DIR)/RunarSEHost.app/$(BUNDLE_EXECUTABLE_FOLDER_PATH)/RunarSEHost";
			};
			name = Release;
		};
		53B3F7102E4CA82E00879965 /* Debug */ = {
			isa = XCBuildConfiguration;
			buildSettings = {
				CODE_SIGN_STYLE = Automatic;
				CURRENT_PROJECT_VERSION = 1;
				DEVELOPMENT_TEAM = 38HUU786LZ;
				GENERATE_INFOPLIST_FILE = YES;
				MARKETING_VERSION = 1.0;
				PRODUCT_BUNDLE_IDENTIFIER = nz.co.iswe.RunarSEHostUITests;
				PRODUCT_NAME = "$(TARGET_NAME)";
				SWIFT_EMIT_LOC_STRINGS = NO;
				SWIFT_VERSION = 5.0;
				TEST_TARGET_NAME = RunarSEHost;
			};
			name = Debug;
		};
		53B3F7112E4CA82E00879965 /* Release */ = {
			isa = XCBuildConfiguration;
			buildSettings = {
				CODE_SIGN_STYLE = Automatic;
				CURRENT_PROJECT_VERSION = 1;
				DEVELOPMENT_TEAM = 38HUU786LZ;
				GENERATE_INFOPLIST_FILE = YES;
				MARKETING_VERSION = 1.0;
				PRODUCT_BUNDLE_IDENTIFIER = nz.co.iswe.RunarSEHostUITests;
				PRODUCT_NAME = "$(TARGET_NAME)";
				SWIFT_EMIT_LOC_STRINGS = NO;
				SWIFT_VERSION = 5.0;
				TEST_TARGET_NAME = RunarSEHost;
			};
			name = Release;
		};
/* End XCBuildConfiguration section */

/* Begin XCConfigurationList section */
		53B3F6E22E4CA82C00879965 /* Build configuration list for PBXProject "RunarSEHost" */ = {
			isa = XCConfigurationList;
			buildConfigurations = (
				53B3F7072E4CA82E00879965 /* Debug */,
				53B3F7082E4CA82E00879965 /* Release */,
			);
			defaultConfigurationIsVisible = 0;
			defaultConfigurationName = Release;
		};
		53B3F7092E4CA82E00879965 /* Build configuration list for PBXNativeTarget "RunarSEHost" */ = {
			isa = XCConfigurationList;
			buildConfigurations = (
				53B3F70A2E4CA82E00879965 /* Debug */,
				53B3F70B2E4CA82E00879965 /* Release */,
			);
			defaultConfigurationIsVisible = 0;
			defaultConfigurationName = Release;
		};
		53B3F70C2E4CA82E00879965 /* Build configuration list for PBXNativeTarget "RunarSEHostTests" */ = {
			isa = XCConfigurationList;
			buildConfigurations = (
				53B3F70D2E4CA82E00879965 /* Debug */,
				53B3F70E2E4CA82E00879965 /* Release */,
			);
			defaultConfigurationIsVisible = 0;
			defaultConfigurationName = Release;
		};
		53B3F70F2E4CA82E00879965 /* Build configuration list for PBXNativeTarget "RunarSEHostUITests" */ = {
			isa = XCConfigurationList;
			buildConfigurations = (
				53B3F7102E4CA82E00879965 /* Debug */,
				53B3F7112E4CA82E00879965 /* Release */,
			);
			defaultConfigurationIsVisible = 0;
			defaultConfigurationName = Release;
		};
/* End XCConfigurationList section */

/* Begin XCLocalSwiftPackageReference section */
		53B3F7212E4CB12300879965 /* XCLocalSwiftPackageReference "../../../../../swift-keys" */ = {
			isa = XCLocalSwiftPackageReference;
			relativePath = "../../../../../swift-keys";
		};
		53B3F7242E4DA9DD00879965 /* XCLocalSwiftPackageReference "../../../../../swift-transporter" */ = {
			isa = XCLocalSwiftPackageReference;
			relativePath = "../../../../../swift-transporter";
		};
		53B3F7272E4DAAEC00879965 /* XCLocalSwiftPackageReference "../../../../../swift-common" */ = {
			isa = XCLocalSwiftPackageReference;
			relativePath = "../../../../../swift-common";
		};
/* End XCLocalSwiftPackageReference section */

/* Begin XCSwiftPackageProductDependency section */
		53B3F7222E4CB12300879965 /* RunarKeys */ = {
			isa = XCSwiftPackageProductDependency;
			productName = RunarKeys;
		};
		53B3F7252E4DA9DD00879965 /* RunarTransporter */ = {
			isa = XCSwiftPackageProductDependency;
			productName = RunarTransporter;
		};
		53B3F7282E4DAAEC00879965 /* SwiftCommon */ = {
			isa = XCSwiftPackageProductDependency;
			productName = SwiftCommon;
		};
/* End XCSwiftPackageProductDependency section */
	};
	rootObject = 53B3F6DF2E4CA82C00879965 /* Project object */;
}
